
Microsoft Visual Studio Solution File, Format Version 12.00
# Visual Studio 14
VisualStudioVersion = 14.0.25420.1
MinimumVisualStudioVersion = 10.0.40219.1
Project("{FAE04EC0-301F-11D3-BF4B-00C04F79EFBC}") = "局域网五子棋", "五子棋\局域网五子棋\局域网五子棋.csproj", "{8FAD220D-B276-467D-9BA7-901174FE5102}"
EndProject
Project("{FAE04EC0-301F-11D3-BF4B-00C04F79EFBC}") = "Network", "五子棋\Network\Network.csproj", "{E6B41D1C-286B-4C9B-9889-ADFE0F543EDE}"
EndProject
Project("{FAE04EC0-301F-11D3-BF4B-00C04F79EFBC}") = "MinTools", "五子棋\MinTools\MinTools.csproj", "{A3022E17-7014-4417-BDD9-1CF6B8AA2A72}"
EndProject
Project("{2150E333-8FDC-42A3-9474-1A3956D46DE8}") = "五子棋", "五子棋", "{A97F6B02-F093-4330-84B7-A12902BD9262}"
EndProject
Project("{2150E333-8FDC-42A3-9474-1A3956D46DE8}") = "博客", "博客", "{7E643D80-05B9-48E8-BD65-7BD2EF2A0D5F}"
EndProject
Project("{FAE04EC0-301F-11D3-BF4B-00C04F79EFBC}") = "VL.ItsMe1110", "VL.ItsMe1110\VL.ItsMe1110.csproj", "{0725EF55-E655-4112-8D87-189E912DE73B}"
EndProject
Project("{2150E333-8FDC-42A3-9474-1A3956D46DE8}") = "0.服务", "0.服务", "{B5A60BA1-86B0-4FB5-B864-CD7B996B3FE3}"
EndProject
Project("{FAE04EC0-301F-11D3-BF4B-00C04F79EFBC}") = "VL.User.Service", "VL.User.Service\VL.User.Service.csproj", "{A4A080F6-FC5A-4717-BC9A-BC8D31070FB8}"
EndProject
Project("{FAE04EC0-301F-11D3-BF4B-00C04F79EFBC}") = "VL.Blog.Service", "VL.Blog.Service\VL.Blog.Service.csproj", "{4951DB04-FE58-40C0-9DAB-154E7A120B0A}"
EndProject
Global
	GlobalSection(SolutionConfigurationPlatforms) = preSolution
		Debug|Any CPU = Debug|Any CPU
		Release|Any CPU = Release|Any CPU
	EndGlobalSection
	GlobalSection(ProjectConfigurationPlatforms) = postSolution
		{8FAD220D-B276-467D-9BA7-901174FE5102}.Debug|Any CPU.ActiveCfg = Debug|Any CPU
		{8FAD220D-B276-467D-9BA7-901174FE5102}.Debug|Any CPU.Build.0 = Debug|Any CPU
		{8FAD220D-B276-467D-9BA7-901174FE5102}.Release|Any CPU.ActiveCfg = Release|Any CPU
		{8FAD220D-B276-467D-9BA7-901174FE5102}.Release|Any CPU.Build.0 = Release|Any CPU
		{E6B41D1C-286B-4C9B-9889-ADFE0F543EDE}.Debug|Any CPU.ActiveCfg = Debug|Any CPU
		{E6B41D1C-286B-4C9B-9889-ADFE0F543EDE}.Debug|Any CPU.Build.0 = Debug|Any CPU
		{E6B41D1C-286B-4C9B-9889-ADFE0F543EDE}.Release|Any CPU.ActiveCfg = Release|Any CPU
		{E6B41D1C-286B-4C9B-9889-ADFE0F543EDE}.Release|Any CPU.Build.0 = Release|Any CPU
		{A3022E17-7014-4417-BDD9-1CF6B8AA2A72}.Debug|Any CPU.ActiveCfg = Debug|Any CPU
		{A3022E17-7014-4417-BDD9-1CF6B8AA2A72}.Debug|Any CPU.Build.0 = Debug|Any CPU
		{A3022E17-7014-4417-BDD9-1CF6B8AA2A72}.Release|Any CPU.ActiveCfg = Release|Any CPU
		{A3022E17-7014-4417-BDD9-1CF6B8AA2A72}.Release|Any CPU.Build.0 = Release|Any CPU
		{0725EF55-E655-4112-8D87-189E912DE73B}.Debug|Any CPU.ActiveCfg = Debug|Any CPU
		{0725EF55-E655-4112-8D87-189E912DE73B}.Debug|Any CPU.Build.0 = Debug|Any CPU
		{0725EF55-E655-4112-8D87-189E912DE73B}.Release|Any CPU.ActiveCfg = Release|Any CPU
		{0725EF55-E655-4112-8D87-189E912DE73B}.Release|Any CPU.Build.0 = Release|Any CPU
		{A4A080F6-FC5A-4717-BC9A-BC8D31070FB8}.Debug|Any CPU.ActiveCfg = Debug|Any CPU
		{A4A080F6-FC5A-4717-BC9A-BC8D31070FB8}.Debug|Any CPU.Build.0 = Debug|Any CPU
		{A4A080F6-FC5A-4717-BC9A-BC8D31070FB8}.Release|Any CPU.ActiveCfg = Release|Any CPU
		{A4A080F6-FC5A-4717-BC9A-BC8D31070FB8}.Release|Any CPU.Build.0 = Release|Any CPU
		{4951DB04-FE58-40C0-9DAB-154E7A120B0A}.Debug|Any CPU.ActiveCfg = Debug|Any CPU
		{4951DB04-FE58-40C0-9DAB-154E7A120B0A}.Debug|Any CPU.Build.0 = Debug|Any CPU
		{4951DB04-FE58-40C0-9DAB-154E7A120B0A}.Release|Any CPU.ActiveCfg = Release|Any CPU
		{4951DB04-FE58-40C0-9DAB-154E7A120B0A}.Release|Any CPU.Build.0 = Release|Any CPU
	EndGlobalSection
	GlobalSection(SolutionProperties) = preSolution
		HideSolutionNode = FALSE
	EndGlobalSection
	GlobalSection(NestedProjects) = preSolution
		{8FAD220D-B276-467D-9BA7-901174FE5102} = {A97F6B02-F093-4330-84B7-A12902BD9262}
		{E6B41D1C-286B-4C9B-9889-ADFE0F543EDE} = {A97F6B02-F093-4330-84B7-A12902BD9262}
		{A3022E17-7014-4417-BDD9-1CF6B8AA2A72} = {A97F6B02-F093-4330-84B7-A12902BD9262}
		{0725EF55-E655-4112-8D87-189E912DE73B} = {7E643D80-05B9-48E8-BD65-7BD2EF2A0D5F}
		{A4A080F6-FC5A-4717-BC9A-BC8D31070FB8} = {B5A60BA1-86B0-4FB5-B864-CD7B996B3FE3}
		{4951DB04-FE58-40C0-9DAB-154E7A120B0A} = {B5A60BA1-86B0-4FB5-B864-CD7B996B3FE3}
	EndGlobalSection
EndGlobal
